
Microsoft Visual Studio Solution File, Format Version 12.00
# Visual Studio 15
VisualStudioVersion = 15.0.28307.2092
MinimumVisualStudioVersion = 10.0.40219.1
Project("{8BC9CEB8-8B4A-11D0-8D11-00A0C91BC942}") = "P13", "P13\P13.vcxproj", "{08D811F4-BF87-4676-8E2F-6C7C5E56754C}"
EndProject
Global
	GlobalSection(SolutionConfigurationPlatforms) = preSolution
		Debug|x64 = Debug|x64
		Debug|x86 = Debug|x86
		Release|x64 = Release|x64
		Release|x86 = Release|x86
	EndGlobalSection
	GlobalSection(ProjectConfigurationPlatforms) = postSolution
		{08D811F4-BF87-4676-8E2F-6C7C5E56754C}.Debug|x64.ActiveCfg = Debug|x64
		{08D811F4-BF87-4676-8E2F-6C7C5E56754C}.Debug|x64.Build.0 = Debug|x64
		{08D811F4-BF87-4676-8E2F-6C7C5E56754C}.Debug|x86.ActiveCfg = Debug|Win32
		{08D811F4-BF87-4676-8E2F-6C7C5E56754C}.Debug|x86.Build.0 = Debug|Win32
		{08D811F4-BF87-4676-8E2F-6C7C5E56754C}.Release|x64.ActiveCfg = Release|x64
		{08D811F4-BF87-4676-8E2F-6C7C5E56754C}.Release|x64.Build.0 = Release|x64
		{08D811F4-BF87-4676-8E2F-6C7C5E56754C}.Release|x86.ActiveCfg = Release|Win32
		{08D811F4-BF87-4676-8E2F-6C7C5E56754C}.Release|x86.Build.0 = Release|Win32
	EndGlobalSection
	GlobalSection(SolutionProperties) = preSolution
		HideSolutionNode = FALSE
	EndGlobalSection
	GlobalSection(ExtensibilityGlobals) = postSolution
		SolutionGuid = {8ACDC9AC-5C84-4E15-AD95-7F291A30F6F0}
	EndGlobalSection
EndGlobal
