
Microsoft Visual Studio Solution File, Format Version 12.00
# Visual Studio 15
VisualStudioVersion = 15.0.28307.2092
MinimumVisualStudioVersion = 10.0.40219.1
Project("{8BC9CEB8-8B4A-11D0-8D11-00A0C91BC942}") = "P28", "P28\P28.vcxproj", "{68739996-5243-4485-B57B-48DDAEF89059}"
EndProject
Global
	GlobalSection(SolutionConfigurationPlatforms) = preSolution
		Debug|x64 = Debug|x64
		Debug|x86 = Debug|x86
		Release|x64 = Release|x64
		Release|x86 = Release|x86
	EndGlobalSection
	GlobalSection(ProjectConfigurationPlatforms) = postSolution
		{68739996-5243-4485-B57B-48DDAEF89059}.Debug|x64.ActiveCfg = Debug|x64
		{68739996-5243-4485-B57B-48DDAEF89059}.Debug|x64.Build.0 = Debug|x64
		{68739996-5243-4485-B57B-48DDAEF89059}.Debug|x86.ActiveCfg = Debug|Win32
		{68739996-5243-4485-B57B-48DDAEF89059}.Debug|x86.Build.0 = Debug|Win32
		{68739996-5243-4485-B57B-48DDAEF89059}.Release|x64.ActiveCfg = Release|x64
		{68739996-5243-4485-B57B-48DDAEF89059}.Release|x64.Build.0 = Release|x64
		{68739996-5243-4485-B57B-48DDAEF89059}.Release|x86.ActiveCfg = Release|Win32
		{68739996-5243-4485-B57B-48DDAEF89059}.Release|x86.Build.0 = Release|Win32
	EndGlobalSection
	GlobalSection(SolutionProperties) = preSolution
		HideSolutionNode = FALSE
	EndGlobalSection
	GlobalSection(ExtensibilityGlobals) = postSolution
		SolutionGuid = {15981B7D-FBED-4CD7-B669-1587FB4820E7}
	EndGlobalSection
EndGlobal
