
Microsoft Visual Studio Solution File, Format Version 12.00
# Visual Studio 15
VisualStudioVersion = 15.0.28307.2092
MinimumVisualStudioVersion = 10.0.40219.1
Project("{8BC9CEB8-8B4A-11D0-8D11-00A0C91BC942}") = "P23", "P23\P23.vcxproj", "{8575D0EC-2501-458C-B960-1983F75FDB1B}"
EndProject
Global
	GlobalSection(SolutionConfigurationPlatforms) = preSolution
		Debug|x64 = Debug|x64
		Debug|x86 = Debug|x86
		Release|x64 = Release|x64
		Release|x86 = Release|x86
	EndGlobalSection
	GlobalSection(ProjectConfigurationPlatforms) = postSolution
		{8575D0EC-2501-458C-B960-1983F75FDB1B}.Debug|x64.ActiveCfg = Debug|x64
		{8575D0EC-2501-458C-B960-1983F75FDB1B}.Debug|x64.Build.0 = Debug|x64
		{8575D0EC-2501-458C-B960-1983F75FDB1B}.Debug|x86.ActiveCfg = Debug|Win32
		{8575D0EC-2501-458C-B960-1983F75FDB1B}.Debug|x86.Build.0 = Debug|Win32
		{8575D0EC-2501-458C-B960-1983F75FDB1B}.Release|x64.ActiveCfg = Release|x64
		{8575D0EC-2501-458C-B960-1983F75FDB1B}.Release|x64.Build.0 = Release|x64
		{8575D0EC-2501-458C-B960-1983F75FDB1B}.Release|x86.ActiveCfg = Release|Win32
		{8575D0EC-2501-458C-B960-1983F75FDB1B}.Release|x86.Build.0 = Release|Win32
	EndGlobalSection
	GlobalSection(SolutionProperties) = preSolution
		HideSolutionNode = FALSE
	EndGlobalSection
	GlobalSection(ExtensibilityGlobals) = postSolution
		SolutionGuid = {54B929B1-60E6-48AA-A470-6943B0D8E265}
	EndGlobalSection
EndGlobal
