
Microsoft Visual Studio Solution File, Format Version 12.00
# Visual Studio 15
VisualStudioVersion = 15.0.28307.2092
MinimumVisualStudioVersion = 10.0.40219.1
Project("{8BC9CEB8-8B4A-11D0-8D11-00A0C91BC942}") = "P06", "P06\P06.vcxproj", "{DA7A6530-3F3C-4E4A-8315-6AFD741E21E6}"
EndProject
Global
	GlobalSection(SolutionConfigurationPlatforms) = preSolution
		Debug|x64 = Debug|x64
		Debug|x86 = Debug|x86
		Release|x64 = Release|x64
		Release|x86 = Release|x86
	EndGlobalSection
	GlobalSection(ProjectConfigurationPlatforms) = postSolution
		{DA7A6530-3F3C-4E4A-8315-6AFD741E21E6}.Debug|x64.ActiveCfg = Debug|x64
		{DA7A6530-3F3C-4E4A-8315-6AFD741E21E6}.Debug|x64.Build.0 = Debug|x64
		{DA7A6530-3F3C-4E4A-8315-6AFD741E21E6}.Debug|x86.ActiveCfg = Debug|Win32
		{DA7A6530-3F3C-4E4A-8315-6AFD741E21E6}.Debug|x86.Build.0 = Debug|Win32
		{DA7A6530-3F3C-4E4A-8315-6AFD741E21E6}.Release|x64.ActiveCfg = Release|x64
		{DA7A6530-3F3C-4E4A-8315-6AFD741E21E6}.Release|x64.Build.0 = Release|x64
		{DA7A6530-3F3C-4E4A-8315-6AFD741E21E6}.Release|x86.ActiveCfg = Release|Win32
		{DA7A6530-3F3C-4E4A-8315-6AFD741E21E6}.Release|x86.Build.0 = Release|Win32
	EndGlobalSection
	GlobalSection(SolutionProperties) = preSolution
		HideSolutionNode = FALSE
	EndGlobalSection
	GlobalSection(ExtensibilityGlobals) = postSolution
		SolutionGuid = {A64676C8-B0FD-44A8-96C6-2064C30B8D41}
	EndGlobalSection
EndGlobal
