
Microsoft Visual Studio Solution File, Format Version 12.00
# Visual Studio 15
VisualStudioVersion = 15.0.28307.2092
MinimumVisualStudioVersion = 10.0.40219.1
Project("{8BC9CEB8-8B4A-11D0-8D11-00A0C91BC942}") = "P15", "P15\P15.vcxproj", "{966FA311-5D62-4BD1-8AFE-8B5A2890227C}"
EndProject
Global
	GlobalSection(SolutionConfigurationPlatforms) = preSolution
		Debug|x64 = Debug|x64
		Debug|x86 = Debug|x86
		Release|x64 = Release|x64
		Release|x86 = Release|x86
	EndGlobalSection
	GlobalSection(ProjectConfigurationPlatforms) = postSolution
		{966FA311-5D62-4BD1-8AFE-8B5A2890227C}.Debug|x64.ActiveCfg = Debug|x64
		{966FA311-5D62-4BD1-8AFE-8B5A2890227C}.Debug|x64.Build.0 = Debug|x64
		{966FA311-5D62-4BD1-8AFE-8B5A2890227C}.Debug|x86.ActiveCfg = Debug|Win32
		{966FA311-5D62-4BD1-8AFE-8B5A2890227C}.Debug|x86.Build.0 = Debug|Win32
		{966FA311-5D62-4BD1-8AFE-8B5A2890227C}.Release|x64.ActiveCfg = Release|x64
		{966FA311-5D62-4BD1-8AFE-8B5A2890227C}.Release|x64.Build.0 = Release|x64
		{966FA311-5D62-4BD1-8AFE-8B5A2890227C}.Release|x86.ActiveCfg = Release|Win32
		{966FA311-5D62-4BD1-8AFE-8B5A2890227C}.Release|x86.Build.0 = Release|Win32
	EndGlobalSection
	GlobalSection(SolutionProperties) = preSolution
		HideSolutionNode = FALSE
	EndGlobalSection
	GlobalSection(ExtensibilityGlobals) = postSolution
		SolutionGuid = {17B64D19-A1C0-4AF4-B44D-6005044A55DC}
	EndGlobalSection
EndGlobal
